payload:
  - DOMAIN,semawur.com
  - DOMAIN,cararegistrasi.com
  - DOMAIN,ouo.io
  - DOMAIN-SUFFIX,trustedcpmrevenue.com
  - DOMAIN,amp-api-edge.apps.apple.com
  - DOMAIN,hidemyass.com
  - DOMAIN-SUFFIX,cdnasu.xyz
  - DOMAIN-SUFFIX,cdnime.xyz
  - DOMAIN-SUFFIX,cdnmeta.xyz
  - DOMAIN-SUFFIX,kentut.xyz
  - DOMAIN-SUFFIX,gambar.xyz
  - DOMAIN-SUFFIX,wp.com
  - DOMAIN-SUFFIX,cdnkomikindo.xyz
  - DOMAIN-SUFFIX,komikindo.info
  - DOMAIN-SUFFIX,cdnfgo.xyz
  - DOMAIN-SUFFIX,cdngue.xyz
  - DOMAIN,cdn.statically.io
  - DOMAIN-SUFFIX,itachi.my.id
  - DOMAIN-KEYWORD,nekopoi
  - DOMAIN,cdn.kena-blok.xyz
  - IP-CIDR,45.12.2.2/24 #kuronime
  - IP-CIDR,185.231.223.254/24 #kuronime